
Microsoft Visual Studio Solution File, Format Version 12.00
# Visual Studio Version 16
VisualStudioVersion = 16.0.29613.14
MinimumVisualStudioVersion = 10.0.40219.1
Project("{9A19103F-16F7-4668-BE54-9A1E7A4F7556}") = "EducationSystem.API", "EducationSystem\EducationSystem.API.csproj", "{34759EF5-9A22-42A8-93E3-5BBD59BC711B}"
EndProject
Project("{9A19103F-16F7-4668-BE54-9A1E7A4F7556}") = "EducationSystem.Business", "EducationSystem.Business\EducationSystem.Business.csproj", "{195B529B-F952-4562-9E0B-8FF7B2F90703}"
EndProject
Project("{9A19103F-16F7-4668-BE54-9A1E7A4F7556}") = "EducationSystem.Data", "EducationSystem.Data\EducationSystem.Data.csproj", "{4EB6C38A-0387-4769-AF63-70832F3A15DF}"
EndProject
Project("{00D1A9C2-B5F0-4AF3-8072-F6C62B433612}") = "EducationSystem.DB", "EducationSystem.DB\EducationSystem.DB.sqlproj", "{326CB266-0799-4B96-AA90-E1191605251D}"
EndProject
Project("{9A19103F-16F7-4668-BE54-9A1E7A4F7556}") = "EducationSystem.Data.Tests", "EducationSystem.Test\EducationSystem.Data.Tests.csproj", "{287D7F53-D35D-4841-B084-5F1547434AB0}"
EndProject
Project("{9A19103F-16F7-4668-BE54-9A1E7A4F7556}") = "EducationSystem.Core", "EducationSystem.Core\EducationSystem.Core.csproj", "{A272B930-A608-4DDE-8C2F-FB1195C7ED29}"
EndProject
Global
	GlobalSection(SolutionConfigurationPlatforms) = preSolution
		Debug|Any CPU = Debug|Any CPU
		Release|Any CPU = Release|Any CPU
	EndGlobalSection
	GlobalSection(ProjectConfigurationPlatforms) = postSolution
		{34759EF5-9A22-42A8-93E3-5BBD59BC711B}.Debug|Any CPU.ActiveCfg = Debug|Any CPU
		{34759EF5-9A22-42A8-93E3-5BBD59BC711B}.Debug|Any CPU.Build.0 = Debug|Any CPU
		{34759EF5-9A22-42A8-93E3-5BBD59BC711B}.Release|Any CPU.ActiveCfg = Release|Any CPU
		{34759EF5-9A22-42A8-93E3-5BBD59BC711B}.Release|Any CPU.Build.0 = Release|Any CPU
		{195B529B-F952-4562-9E0B-8FF7B2F90703}.Debug|Any CPU.ActiveCfg = Debug|Any CPU
		{195B529B-F952-4562-9E0B-8FF7B2F90703}.Debug|Any CPU.Build.0 = Debug|Any CPU
		{195B529B-F952-4562-9E0B-8FF7B2F90703}.Release|Any CPU.ActiveCfg = Release|Any CPU
		{195B529B-F952-4562-9E0B-8FF7B2F90703}.Release|Any CPU.Build.0 = Release|Any CPU
		{4EB6C38A-0387-4769-AF63-70832F3A15DF}.Debug|Any CPU.ActiveCfg = Debug|Any CPU
		{4EB6C38A-0387-4769-AF63-70832F3A15DF}.Debug|Any CPU.Build.0 = Debug|Any CPU
		{4EB6C38A-0387-4769-AF63-70832F3A15DF}.Release|Any CPU.ActiveCfg = Release|Any CPU
		{4EB6C38A-0387-4769-AF63-70832F3A15DF}.Release|Any CPU.Build.0 = Release|Any CPU
		{326CB266-0799-4B96-AA90-E1191605251D}.Debug|Any CPU.ActiveCfg = Debug|Any CPU
		{326CB266-0799-4B96-AA90-E1191605251D}.Debug|Any CPU.Build.0 = Debug|Any CPU
		{326CB266-0799-4B96-AA90-E1191605251D}.Debug|Any CPU.Deploy.0 = Debug|Any CPU
		{326CB266-0799-4B96-AA90-E1191605251D}.Release|Any CPU.ActiveCfg = Release|Any CPU
		{326CB266-0799-4B96-AA90-E1191605251D}.Release|Any CPU.Build.0 = Release|Any CPU
		{326CB266-0799-4B96-AA90-E1191605251D}.Release|Any CPU.Deploy.0 = Release|Any CPU
		{287D7F53-D35D-4841-B084-5F1547434AB0}.Debug|Any CPU.ActiveCfg = Debug|Any CPU
		{287D7F53-D35D-4841-B084-5F1547434AB0}.Debug|Any CPU.Build.0 = Debug|Any CPU
		{287D7F53-D35D-4841-B084-5F1547434AB0}.Release|Any CPU.ActiveCfg = Release|Any CPU
		{287D7F53-D35D-4841-B084-5F1547434AB0}.Release|Any CPU.Build.0 = Release|Any CPU
		{A272B930-A608-4DDE-8C2F-FB1195C7ED29}.Debug|Any CPU.ActiveCfg = Debug|Any CPU
		{A272B930-A608-4DDE-8C2F-FB1195C7ED29}.Debug|Any CPU.Build.0 = Debug|Any CPU
		{A272B930-A608-4DDE-8C2F-FB1195C7ED29}.Release|Any CPU.ActiveCfg = Release|Any CPU
		{A272B930-A608-4DDE-8C2F-FB1195C7ED29}.Release|Any CPU.Build.0 = Release|Any CPU
	EndGlobalSection
	GlobalSection(SolutionProperties) = preSolution
		HideSolutionNode = FALSE
	EndGlobalSection
	GlobalSection(ExtensibilityGlobals) = postSolution
		SolutionGuid = {5F21AD87-DEF5-468D-BC53-8BA6DD48D698}
	EndGlobalSection
EndGlobal
